
Microsoft Visual Studio Solution File, Format Version 12.00
# Visual Studio Version 16
VisualStudioVersion = 16.0.31702.278
MinimumVisualStudioVersion = 10.0.40219.1
Project("{9A19103F-16F7-4668-BE54-9A1E7A4F7556}") = "2.HW_ConsoleWritelineDocumentation", "..\HW_ConsoleWritelineDocumentation\2.HW_ConsoleWritelineDocumentation.csproj", "{4C8B942A-61FA-45F3-9538-F46FE5D68959}"
EndProject
Project("{9A19103F-16F7-4668-BE54-9A1E7A4F7556}") = "3.HW_ConsoleWritelineMethodsDocumentation", "..\HW_ConsoleWritelineMethodsDocumentation\3.HW_ConsoleWritelineMethodsDocumentation.csproj", "{790E7426-16DB-4DC9-8EDA-4EDEEC96E5BD}"
EndProject
Project("{9A19103F-16F7-4668-BE54-9A1E7A4F7556}") = "5.HW_EditHelloCSharp", "..\HW_EditHelloCSharp\5.HW_EditHelloCSharp.csproj", "{3AA9F2D9-C020-4BF4-BEBD-C6716BB86462}"
EndProject
Project("{9A19103F-16F7-4668-BE54-9A1E7A4F7556}") = "4.HW_HelloCSharp", "..\HW_HelloCSharp\4.HW_HelloCSharp.csproj", "{79E41111-E9AC-4154-A35F-42C6876F44AC}"
EndProject
Project("{9A19103F-16F7-4668-BE54-9A1E7A4F7556}") = "1.HW_MicrosoftVisualStudio", "..\HW_MicrosoftVisualStudio\1.HW_MicrosoftVisualStudio.csproj", "{D11CC52C-28C2-4032-B4C8-DDB8FAC77A02}"
EndProject
Project("{9A19103F-16F7-4668-BE54-9A1E7A4F7556}") = "6.HW_ConsoleWriteNames", "..\6.HW_ConsoleWriteNames\6.HW_ConsoleWriteNames.csproj", "{E688D48A-00F3-4694-A3C3-B1458E2FC2F0}"
EndProject
Project("{9A19103F-16F7-4668-BE54-9A1E7A4F7556}") = "7.HW_Print11011001", "..\6.HW_Print11011001\7.HW_Print11011001.csproj", "{4034F582-34ED-4175-B28E-307A7391096F}"
EndProject
Project("{9A19103F-16F7-4668-BE54-9A1E7A4F7556}") = "8.HW_PrintCurrentDateTime", "..\8.HW_PrintCurrentDateTime\8.HW_PrintCurrentDateTime.csproj", "{5DFE0E3D-34DF-4E99-A51E-690D3B131D2E}"
EndProject
Project("{9A19103F-16F7-4668-BE54-9A1E7A4F7556}") = "9.HW_FindSQRT12345", "9.HW_FindSQRT12345\9.HW_FindSQRT12345.csproj", "{2CC0093B-1977-470B-9F92-5304A8F0C3B6}"
EndProject
Project("{9A19103F-16F7-4668-BE54-9A1E7A4F7556}") = "10.HW_FindFirst100Members", "10.HW_FindFirst100Members\10.HW_FindFirst100Members.csproj", "{F54F9C42-26C0-431F-AA6C-CD44340ACCC4}"
EndProject
Project("{9A19103F-16F7-4668-BE54-9A1E7A4F7556}") = "11.HW_ConsoleWriteLineAngeAndAgeAfter10Years", "11.HW_ConsoleWriteLineAngeAndAgeAfter10Years\11.HW_ConsoleWriteLineAngeAndAgeAfter10Years.csproj", "{F1C43E86-11DB-4AE3-AC7F-BE07358B0093}"
EndProject
Project("{FAE04EC0-301F-11D3-BF4B-00C04F79EFBC}") = "12.HW_ExplainNetCoreAndStandard", "12.HW_ExplainNetCoreAndStandard\12.HW_ExplainNetCoreAndStandard.csproj", "{AEAD0436-4E4A-4795-A46E-F50FE9E2A2CD}"
EndProject
Project("{FAE04EC0-301F-11D3-BF4B-00C04F79EFBC}") = "13.HW_MostPopularProgrammingLanguages", "13.HW_MostPopularProgrammingLanguages\13.HW_MostPopularProgrammingLanguages.csproj", "{861F7449-44D7-4CF3-95B7-99E4B89FA3A0}"
EndProject
Global
	GlobalSection(SolutionConfigurationPlatforms) = preSolution
		Debug|Any CPU = Debug|Any CPU
		Release|Any CPU = Release|Any CPU
	EndGlobalSection
	GlobalSection(ProjectConfigurationPlatforms) = postSolution
		{4C8B942A-61FA-45F3-9538-F46FE5D68959}.Debug|Any CPU.ActiveCfg = Debug|Any CPU
		{4C8B942A-61FA-45F3-9538-F46FE5D68959}.Debug|Any CPU.Build.0 = Debug|Any CPU
		{4C8B942A-61FA-45F3-9538-F46FE5D68959}.Release|Any CPU.ActiveCfg = Release|Any CPU
		{4C8B942A-61FA-45F3-9538-F46FE5D68959}.Release|Any CPU.Build.0 = Release|Any CPU
		{790E7426-16DB-4DC9-8EDA-4EDEEC96E5BD}.Debug|Any CPU.ActiveCfg = Debug|Any CPU
		{790E7426-16DB-4DC9-8EDA-4EDEEC96E5BD}.Debug|Any CPU.Build.0 = Debug|Any CPU
		{790E7426-16DB-4DC9-8EDA-4EDEEC96E5BD}.Release|Any CPU.ActiveCfg = Release|Any CPU
		{790E7426-16DB-4DC9-8EDA-4EDEEC96E5BD}.Release|Any CPU.Build.0 = Release|Any CPU
		{3AA9F2D9-C020-4BF4-BEBD-C6716BB86462}.Debug|Any CPU.ActiveCfg = Debug|Any CPU
		{3AA9F2D9-C020-4BF4-BEBD-C6716BB86462}.Debug|Any CPU.Build.0 = Debug|Any CPU
		{3AA9F2D9-C020-4BF4-BEBD-C6716BB86462}.Release|Any CPU.ActiveCfg = Release|Any CPU
		{3AA9F2D9-C020-4BF4-BEBD-C6716BB86462}.Release|Any CPU.Build.0 = Release|Any CPU
		{79E41111-E9AC-4154-A35F-42C6876F44AC}.Debug|Any CPU.ActiveCfg = Debug|Any CPU
		{79E41111-E9AC-4154-A35F-42C6876F44AC}.Debug|Any CPU.Build.0 = Debug|Any CPU
		{79E41111-E9AC-4154-A35F-42C6876F44AC}.Release|Any CPU.ActiveCfg = Release|Any CPU
		{79E41111-E9AC-4154-A35F-42C6876F44AC}.Release|Any CPU.Build.0 = Release|Any CPU
		{D11CC52C-28C2-4032-B4C8-DDB8FAC77A02}.Debug|Any CPU.ActiveCfg = Debug|Any CPU
		{D11CC52C-28C2-4032-B4C8-DDB8FAC77A02}.Debug|Any CPU.Build.0 = Debug|Any CPU
		{D11CC52C-28C2-4032-B4C8-DDB8FAC77A02}.Release|Any CPU.ActiveCfg = Release|Any CPU
		{D11CC52C-28C2-4032-B4C8-DDB8FAC77A02}.Release|Any CPU.Build.0 = Release|Any CPU
		{E688D48A-00F3-4694-A3C3-B1458E2FC2F0}.Debug|Any CPU.ActiveCfg = Debug|Any CPU
		{E688D48A-00F3-4694-A3C3-B1458E2FC2F0}.Debug|Any CPU.Build.0 = Debug|Any CPU
		{E688D48A-00F3-4694-A3C3-B1458E2FC2F0}.Release|Any CPU.ActiveCfg = Release|Any CPU
		{E688D48A-00F3-4694-A3C3-B1458E2FC2F0}.Release|Any CPU.Build.0 = Release|Any CPU
		{4034F582-34ED-4175-B28E-307A7391096F}.Debug|Any CPU.ActiveCfg = Debug|Any CPU
		{4034F582-34ED-4175-B28E-307A7391096F}.Debug|Any CPU.Build.0 = Debug|Any CPU
		{4034F582-34ED-4175-B28E-307A7391096F}.Release|Any CPU.ActiveCfg = Release|Any CPU
		{4034F582-34ED-4175-B28E-307A7391096F}.Release|Any CPU.Build.0 = Release|Any CPU
		{5DFE0E3D-34DF-4E99-A51E-690D3B131D2E}.Debug|Any CPU.ActiveCfg = Debug|Any CPU
		{5DFE0E3D-34DF-4E99-A51E-690D3B131D2E}.Debug|Any CPU.Build.0 = Debug|Any CPU
		{5DFE0E3D-34DF-4E99-A51E-690D3B131D2E}.Release|Any CPU.ActiveCfg = Release|Any CPU
		{5DFE0E3D-34DF-4E99-A51E-690D3B131D2E}.Release|Any CPU.Build.0 = Release|Any CPU
		{2CC0093B-1977-470B-9F92-5304A8F0C3B6}.Debug|Any CPU.ActiveCfg = Debug|Any CPU
		{2CC0093B-1977-470B-9F92-5304A8F0C3B6}.Debug|Any CPU.Build.0 = Debug|Any CPU
		{2CC0093B-1977-470B-9F92-5304A8F0C3B6}.Release|Any CPU.ActiveCfg = Release|Any CPU
		{2CC0093B-1977-470B-9F92-5304A8F0C3B6}.Release|Any CPU.Build.0 = Release|Any CPU
		{F54F9C42-26C0-431F-AA6C-CD44340ACCC4}.Debug|Any CPU.ActiveCfg = Debug|Any CPU
		{F54F9C42-26C0-431F-AA6C-CD44340ACCC4}.Debug|Any CPU.Build.0 = Debug|Any CPU
		{F54F9C42-26C0-431F-AA6C-CD44340ACCC4}.Release|Any CPU.ActiveCfg = Release|Any CPU
		{F54F9C42-26C0-431F-AA6C-CD44340ACCC4}.Release|Any CPU.Build.0 = Release|Any CPU
		{F1C43E86-11DB-4AE3-AC7F-BE07358B0093}.Debug|Any CPU.ActiveCfg = Debug|Any CPU
		{F1C43E86-11DB-4AE3-AC7F-BE07358B0093}.Debug|Any CPU.Build.0 = Debug|Any CPU
		{F1C43E86-11DB-4AE3-AC7F-BE07358B0093}.Release|Any CPU.ActiveCfg = Release|Any CPU
		{F1C43E86-11DB-4AE3-AC7F-BE07358B0093}.Release|Any CPU.Build.0 = Release|Any CPU
		{AEAD0436-4E4A-4795-A46E-F50FE9E2A2CD}.Debug|Any CPU.ActiveCfg = Debug|Any CPU
		{AEAD0436-4E4A-4795-A46E-F50FE9E2A2CD}.Debug|Any CPU.Build.0 = Debug|Any CPU
		{AEAD0436-4E4A-4795-A46E-F50FE9E2A2CD}.Release|Any CPU.ActiveCfg = Release|Any CPU
		{AEAD0436-4E4A-4795-A46E-F50FE9E2A2CD}.Release|Any CPU.Build.0 = Release|Any CPU
		{861F7449-44D7-4CF3-95B7-99E4B89FA3A0}.Debug|Any CPU.ActiveCfg = Debug|Any CPU
		{861F7449-44D7-4CF3-95B7-99E4B89FA3A0}.Debug|Any CPU.Build.0 = Debug|Any CPU
		{861F7449-44D7-4CF3-95B7-99E4B89FA3A0}.Release|Any CPU.ActiveCfg = Release|Any CPU
		{861F7449-44D7-4CF3-95B7-99E4B89FA3A0}.Release|Any CPU.Build.0 = Release|Any CPU
	EndGlobalSection
	GlobalSection(SolutionProperties) = preSolution
		HideSolutionNode = FALSE
	EndGlobalSection
	GlobalSection(ExtensibilityGlobals) = postSolution
		SolutionGuid = {BC830160-D7E7-421A-A4C8-19E785F769D3}
	EndGlobalSection
EndGlobal
