
Microsoft Visual Studio Solution File, Format Version 12.00
# Visual Studio Version 16
VisualStudioVersion = 16.0.31702.278
MinimumVisualStudioVersion = 10.0.40219.1
Project("{FAE04EC0-301F-11D3-BF4B-00C04F79EFBC}") = "1.HW_MicrosoftVisualStudio", "1.HW_MicrosoftVisualStudio\1.HW_MicrosoftVisualStudio.csproj", "{F8B784A0-42ED-4BDF-B706-E03682A6A3FC}"
EndProject
Project("{FAE04EC0-301F-11D3-BF4B-00C04F79EFBC}") = "2.HW_ConsoleWritelineDocumentation", "2.HW_ConsoleWritelineDocumentation\2.HW_ConsoleWritelineDocumentation.csproj", "{A0286E6C-3356-4211-89F0-7ACE535277F4}"
EndProject
Project("{FAE04EC0-301F-11D3-BF4B-00C04F79EFBC}") = "3.HW_ConsoleWritelineMethodsDocumentation", "3.HW_ConsoleWritelineMethodsDocumentation\3.HW_ConsoleWritelineMethodsDocumentation.csproj", "{B49E9E06-76AA-4FB8-9E94-E02BD9564523}"
EndProject
Project("{FAE04EC0-301F-11D3-BF4B-00C04F79EFBC}") = "4.HW_HelloCSharp", "4.HW_HelloCSharp\4.HW_HelloCSharp.csproj", "{29C406B4-9DE0-4399-BDE9-96152470D504}"
EndProject
Project("{FAE04EC0-301F-11D3-BF4B-00C04F79EFBC}") = "5.HW_EditHelloCSharp", "5.HW_EditHelloCSharp\5.HW_EditHelloCSharp.csproj", "{AEB939C4-4498-4388-ADB6-1425DAE700C9}"
EndProject
Project("{FAE04EC0-301F-11D3-BF4B-00C04F79EFBC}") = "6.HW_ConsoleWriteNames", "6.HW_ConsoleWriteNames\6.HW_ConsoleWriteNames.csproj", "{583104B4-B2AB-483E-AAC7-E2DDDE0F3A3B}"
EndProject
Project("{FAE04EC0-301F-11D3-BF4B-00C04F79EFBC}") = "7.HW_Print11011001", "7.HW_Print11011001\7.HW_Print11011001.csproj", "{9C34BE62-C777-4B63-9194-F0C431DBA543}"
EndProject
Project("{FAE04EC0-301F-11D3-BF4B-00C04F79EFBC}") = "8.HW_PrintCurrentDateTime", "8.HW_PrintCurrentDateTime\8.HW_PrintCurrentDateTime.csproj", "{D98DD98A-8218-4C7B-B479-B87A2E59391F}"
EndProject
Project("{FAE04EC0-301F-11D3-BF4B-00C04F79EFBC}") = "9.HW_FindSQRT12345", "9.HW_FindSQRT12345\9.HW_FindSQRT12345.csproj", "{6CD39EE7-D235-441B-8A5C-81E1DE639B46}"
EndProject
Global
	GlobalSection(SolutionConfigurationPlatforms) = preSolution
		Debug|Any CPU = Debug|Any CPU
		Release|Any CPU = Release|Any CPU
	EndGlobalSection
	GlobalSection(ProjectConfigurationPlatforms) = postSolution
		{F8B784A0-42ED-4BDF-B706-E03682A6A3FC}.Debug|Any CPU.ActiveCfg = Debug|Any CPU
		{F8B784A0-42ED-4BDF-B706-E03682A6A3FC}.Debug|Any CPU.Build.0 = Debug|Any CPU
		{F8B784A0-42ED-4BDF-B706-E03682A6A3FC}.Release|Any CPU.ActiveCfg = Release|Any CPU
		{F8B784A0-42ED-4BDF-B706-E03682A6A3FC}.Release|Any CPU.Build.0 = Release|Any CPU
		{A0286E6C-3356-4211-89F0-7ACE535277F4}.Debug|Any CPU.ActiveCfg = Debug|Any CPU
		{A0286E6C-3356-4211-89F0-7ACE535277F4}.Debug|Any CPU.Build.0 = Debug|Any CPU
		{A0286E6C-3356-4211-89F0-7ACE535277F4}.Release|Any CPU.ActiveCfg = Release|Any CPU
		{A0286E6C-3356-4211-89F0-7ACE535277F4}.Release|Any CPU.Build.0 = Release|Any CPU
		{B49E9E06-76AA-4FB8-9E94-E02BD9564523}.Debug|Any CPU.ActiveCfg = Debug|Any CPU
		{B49E9E06-76AA-4FB8-9E94-E02BD9564523}.Debug|Any CPU.Build.0 = Debug|Any CPU
		{B49E9E06-76AA-4FB8-9E94-E02BD9564523}.Release|Any CPU.ActiveCfg = Release|Any CPU
		{B49E9E06-76AA-4FB8-9E94-E02BD9564523}.Release|Any CPU.Build.0 = Release|Any CPU
		{29C406B4-9DE0-4399-BDE9-96152470D504}.Debug|Any CPU.ActiveCfg = Debug|Any CPU
		{29C406B4-9DE0-4399-BDE9-96152470D504}.Debug|Any CPU.Build.0 = Debug|Any CPU
		{29C406B4-9DE0-4399-BDE9-96152470D504}.Release|Any CPU.ActiveCfg = Release|Any CPU
		{29C406B4-9DE0-4399-BDE9-96152470D504}.Release|Any CPU.Build.0 = Release|Any CPU
		{AEB939C4-4498-4388-ADB6-1425DAE700C9}.Debug|Any CPU.ActiveCfg = Debug|Any CPU
		{AEB939C4-4498-4388-ADB6-1425DAE700C9}.Debug|Any CPU.Build.0 = Debug|Any CPU
		{AEB939C4-4498-4388-ADB6-1425DAE700C9}.Release|Any CPU.ActiveCfg = Release|Any CPU
		{AEB939C4-4498-4388-ADB6-1425DAE700C9}.Release|Any CPU.Build.0 = Release|Any CPU
		{583104B4-B2AB-483E-AAC7-E2DDDE0F3A3B}.Debug|Any CPU.ActiveCfg = Debug|Any CPU
		{583104B4-B2AB-483E-AAC7-E2DDDE0F3A3B}.Debug|Any CPU.Build.0 = Debug|Any CPU
		{583104B4-B2AB-483E-AAC7-E2DDDE0F3A3B}.Release|Any CPU.ActiveCfg = Release|Any CPU
		{583104B4-B2AB-483E-AAC7-E2DDDE0F3A3B}.Release|Any CPU.Build.0 = Release|Any CPU
		{9C34BE62-C777-4B63-9194-F0C431DBA543}.Debug|Any CPU.ActiveCfg = Debug|Any CPU
		{9C34BE62-C777-4B63-9194-F0C431DBA543}.Debug|Any CPU.Build.0 = Debug|Any CPU
		{9C34BE62-C777-4B63-9194-F0C431DBA543}.Release|Any CPU.ActiveCfg = Release|Any CPU
		{9C34BE62-C777-4B63-9194-F0C431DBA543}.Release|Any CPU.Build.0 = Release|Any CPU
		{D98DD98A-8218-4C7B-B479-B87A2E59391F}.Debug|Any CPU.ActiveCfg = Debug|Any CPU
		{D98DD98A-8218-4C7B-B479-B87A2E59391F}.Debug|Any CPU.Build.0 = Debug|Any CPU
		{D98DD98A-8218-4C7B-B479-B87A2E59391F}.Release|Any CPU.ActiveCfg = Release|Any CPU
		{D98DD98A-8218-4C7B-B479-B87A2E59391F}.Release|Any CPU.Build.0 = Release|Any CPU
		{6CD39EE7-D235-441B-8A5C-81E1DE639B46}.Debug|Any CPU.ActiveCfg = Debug|Any CPU
		{6CD39EE7-D235-441B-8A5C-81E1DE639B46}.Debug|Any CPU.Build.0 = Debug|Any CPU
		{6CD39EE7-D235-441B-8A5C-81E1DE639B46}.Release|Any CPU.ActiveCfg = Release|Any CPU
		{6CD39EE7-D235-441B-8A5C-81E1DE639B46}.Release|Any CPU.Build.0 = Release|Any CPU
	EndGlobalSection
	GlobalSection(SolutionProperties) = preSolution
		HideSolutionNode = FALSE
	EndGlobalSection
	GlobalSection(ExtensibilityGlobals) = postSolution
		SolutionGuid = {8350FAA0-5C21-49E9-BCB7-EDADEBBD1760}
	EndGlobalSection
EndGlobal
